
Microsoft Visual Studio Solution File, Format Version 12.00
# Visual Studio 15
VisualStudioVersion = 15.0.27130.2010
MinimumVisualStudioVersion = 10.0.40219.1
Project("{2150E333-8FDC-42A3-9474-1A3956D46DE8}") = "Hosts", "Hosts", "{8041B6B3-10FB-4C78-A3E6-B0629EF1E3A7}"
EndProject
Project("{FAE04EC0-301F-11D3-BF4B-00C04F79EFBC}") = "Lottery.Core", "Lottery.Domain\Lottery.Core.csproj", "{0D9F8601-348D-48B6-B801-32A1B7217C3D}"
EndProject
Project("{FAE04EC0-301F-11D3-BF4B-00C04F79EFBC}") = "Lottery.Infrastructure", "Lottery.Infrastructure\Lottery.Infrastructure.csproj", "{1C7EA739-6F02-4955-8CCD-F0F03477C546}"
EndProject
Project("{FAE04EC0-301F-11D3-BF4B-00C04F79EFBC}") = "Lottery.Denormalizers.Dapper", "Lottery.Denormalizers.Dapper\Lottery.Denormalizers.Dapper.csproj", "{80D7DDFE-53AA-4C52-97D4-FE7F45E7341C}"
EndProject
Project("{FAE04EC0-301F-11D3-BF4B-00C04F79EFBC}") = "Lottery.ProcessManagers", "Lottery.ProcessManagers\Lottery.ProcessManagers.csproj", "{9917B629-BEFB-4EA1-910B-2C37E7A0B5F5}"
EndProject
Project("{FAE04EC0-301F-11D3-BF4B-00C04F79EFBC}") = "Lottery.Commands", "Lottery.Commands\Lottery.Commands.csproj", "{8BAD8A14-EEC9-4F85-A8C2-B8FFDF9A11DE}"
EndProject
Project("{FAE04EC0-301F-11D3-BF4B-00C04F79EFBC}") = "Lottery.CommandHandlers", "Lottery.CommandHandlers\Lottery.CommandHandlers.csproj", "{D5A0A02A-5F74-4CB3-8DF2-2155DD1E9F11}"
EndProject
Project("{FAE04EC0-301F-11D3-BF4B-00C04F79EFBC}") = "Lottery.QueryServices", "Lottery.QueryServices\Lottery.QueryServices.csproj", "{36AB2AC1-F647-426F-94B5-605CED19DB3E}"
EndProject
Project("{FAE04EC0-301F-11D3-BF4B-00C04F79EFBC}") = "Lottery.QueryServices.Dapper", "Lottery.QueryServices.Dapper\Lottery.QueryServices.Dapper.csproj", "{51574011-CD90-4DA1-9264-B26D233716FF}"
EndProject
Project("{FAE04EC0-301F-11D3-BF4B-00C04F79EFBC}") = "Lottery.NameServerService", "Lottery.NameServerService\Lottery.NameServerService.csproj", "{B73B6528-A0D4-4507-ABC3-403A247789BD}"
EndProject
Project("{FAE04EC0-301F-11D3-BF4B-00C04F79EFBC}") = "Lottery.BrokerService", "Lottery.BrokerService\Lottery.BrokerService.csproj", "{65F320A9-E45D-4443-9AC4-078E46272A99}"
EndProject
Project("{FAE04EC0-301F-11D3-BF4B-00C04F79EFBC}") = "Lottery.CommandService", "Lottery.CommandService\Lottery.CommandService.csproj", "{8E584CE1-053A-4E90-8466-629D69B5AB34}"
EndProject
Project("{FAE04EC0-301F-11D3-BF4B-00C04F79EFBC}") = "Lottery.EventService", "Lottery.EventService\Lottery.EventService.csproj", "{D0AE0302-DFB9-4219-8A5D-B80880DC827B}"
EndProject
Project("{FAE04EC0-301F-11D3-BF4B-00C04F79EFBC}") = "Lottery.RunApp", "Lottery.RunApp\Lottery.RunApp.csproj", "{681150F0-59CD-4DC6-8796-0D2A304A20FD}"
EndProject
Project("{2150E333-8FDC-42A3-9474-1A3956D46DE8}") = "Tests", "Tests", "{77C4E8DF-7A0F-494F-A94B-1CEB9C8B5FDA}"
EndProject
Project("{FAE04EC0-301F-11D3-BF4B-00C04F79EFBC}") = "Lottery.Tests", "Lottery.Tests\Lottery.Tests.csproj", "{FFC6B8AD-4162-4647-99F8-6C803F3DF298}"
EndProject
Project("{FAE04EC0-301F-11D3-BF4B-00C04F79EFBC}") = "Lottery.Crawler", "Lottery.Crawler\Lottery.Crawler.csproj", "{E2F53492-08E6-46DB-A431-0131BA399C05}"
EndProject
Project("{FAE04EC0-301F-11D3-BF4B-00C04F79EFBC}") = "Lottery.Engine", "Lottery.Engine\Lottery.Engine.csproj", "{0E2B2A51-771A-4977-9B4D-1F120FD3604E}"
EndProject
Project("{FAE04EC0-301F-11D3-BF4B-00C04F79EFBC}") = "Lottery.Dtos", "Lottery.Dtos\Lottery.Dtos.csproj", "{2D504FF2-EA5C-424D-99BD-99C1389F7E1C}"
EndProject
Project("{FAE04EC0-301F-11D3-BF4B-00C04F79EFBC}") = "Lottery.WebApi", "Lottery.WebApi\Lottery.WebApi.csproj", "{E68B18FF-AED4-425E-8B39-E27626A259BA}"
EndProject
Project("{FAE04EC0-301F-11D3-BF4B-00C04F79EFBC}") = "Lottery.AppService", "Lottery.AppService\Lottery.AppService.csproj", "{A7187810-E992-428B-BA29-AB53BCA3CFFE}"
EndProject
Project("{FAE04EC0-301F-11D3-BF4B-00C04F79EFBC}") = "Lottery.Web", "Lottery.Web\Lottery.Web.csproj", "{98712413-B6F9-42CB-BAA0-B7DBFFA9C54D}"
EndProject
Global
	GlobalSection(SolutionConfigurationPlatforms) = preSolution
		Debug|Any CPU = Debug|Any CPU
		Release|Any CPU = Release|Any CPU
	EndGlobalSection
	GlobalSection(ProjectConfigurationPlatforms) = postSolution
		{0D9F8601-348D-48B6-B801-32A1B7217C3D}.Debug|Any CPU.ActiveCfg = Debug|Any CPU
		{0D9F8601-348D-48B6-B801-32A1B7217C3D}.Debug|Any CPU.Build.0 = Debug|Any CPU
		{0D9F8601-348D-48B6-B801-32A1B7217C3D}.Release|Any CPU.ActiveCfg = Release|Any CPU
		{0D9F8601-348D-48B6-B801-32A1B7217C3D}.Release|Any CPU.Build.0 = Release|Any CPU
		{1C7EA739-6F02-4955-8CCD-F0F03477C546}.Debug|Any CPU.ActiveCfg = Debug|Any CPU
		{1C7EA739-6F02-4955-8CCD-F0F03477C546}.Debug|Any CPU.Build.0 = Debug|Any CPU
		{1C7EA739-6F02-4955-8CCD-F0F03477C546}.Release|Any CPU.ActiveCfg = Release|Any CPU
		{1C7EA739-6F02-4955-8CCD-F0F03477C546}.Release|Any CPU.Build.0 = Release|Any CPU
		{80D7DDFE-53AA-4C52-97D4-FE7F45E7341C}.Debug|Any CPU.ActiveCfg = Debug|Any CPU
		{80D7DDFE-53AA-4C52-97D4-FE7F45E7341C}.Debug|Any CPU.Build.0 = Debug|Any CPU
		{80D7DDFE-53AA-4C52-97D4-FE7F45E7341C}.Release|Any CPU.ActiveCfg = Release|Any CPU
		{80D7DDFE-53AA-4C52-97D4-FE7F45E7341C}.Release|Any CPU.Build.0 = Release|Any CPU
		{9917B629-BEFB-4EA1-910B-2C37E7A0B5F5}.Debug|Any CPU.ActiveCfg = Debug|Any CPU
		{9917B629-BEFB-4EA1-910B-2C37E7A0B5F5}.Debug|Any CPU.Build.0 = Debug|Any CPU
		{9917B629-BEFB-4EA1-910B-2C37E7A0B5F5}.Release|Any CPU.ActiveCfg = Release|Any CPU
		{9917B629-BEFB-4EA1-910B-2C37E7A0B5F5}.Release|Any CPU.Build.0 = Release|Any CPU
		{8BAD8A14-EEC9-4F85-A8C2-B8FFDF9A11DE}.Debug|Any CPU.ActiveCfg = Debug|Any CPU
		{8BAD8A14-EEC9-4F85-A8C2-B8FFDF9A11DE}.Debug|Any CPU.Build.0 = Debug|Any CPU
		{8BAD8A14-EEC9-4F85-A8C2-B8FFDF9A11DE}.Release|Any CPU.ActiveCfg = Release|Any CPU
		{8BAD8A14-EEC9-4F85-A8C2-B8FFDF9A11DE}.Release|Any CPU.Build.0 = Release|Any CPU
		{D5A0A02A-5F74-4CB3-8DF2-2155DD1E9F11}.Debug|Any CPU.ActiveCfg = Debug|Any CPU
		{D5A0A02A-5F74-4CB3-8DF2-2155DD1E9F11}.Debug|Any CPU.Build.0 = Debug|Any CPU
		{D5A0A02A-5F74-4CB3-8DF2-2155DD1E9F11}.Release|Any CPU.ActiveCfg = Release|Any CPU
		{D5A0A02A-5F74-4CB3-8DF2-2155DD1E9F11}.Release|Any CPU.Build.0 = Release|Any CPU
		{36AB2AC1-F647-426F-94B5-605CED19DB3E}.Debug|Any CPU.ActiveCfg = Debug|Any CPU
		{36AB2AC1-F647-426F-94B5-605CED19DB3E}.Debug|Any CPU.Build.0 = Debug|Any CPU
		{36AB2AC1-F647-426F-94B5-605CED19DB3E}.Release|Any CPU.ActiveCfg = Release|Any CPU
		{36AB2AC1-F647-426F-94B5-605CED19DB3E}.Release|Any CPU.Build.0 = Release|Any CPU
		{51574011-CD90-4DA1-9264-B26D233716FF}.Debug|Any CPU.ActiveCfg = Debug|Any CPU
		{51574011-CD90-4DA1-9264-B26D233716FF}.Debug|Any CPU.Build.0 = Debug|Any CPU
		{51574011-CD90-4DA1-9264-B26D233716FF}.Release|Any CPU.ActiveCfg = Release|Any CPU
		{51574011-CD90-4DA1-9264-B26D233716FF}.Release|Any CPU.Build.0 = Release|Any CPU
		{B73B6528-A0D4-4507-ABC3-403A247789BD}.Debug|Any CPU.ActiveCfg = Debug|Any CPU
		{B73B6528-A0D4-4507-ABC3-403A247789BD}.Debug|Any CPU.Build.0 = Debug|Any CPU
		{B73B6528-A0D4-4507-ABC3-403A247789BD}.Release|Any CPU.ActiveCfg = Release|Any CPU
		{B73B6528-A0D4-4507-ABC3-403A247789BD}.Release|Any CPU.Build.0 = Release|Any CPU
		{65F320A9-E45D-4443-9AC4-078E46272A99}.Debug|Any CPU.ActiveCfg = Debug|Any CPU
		{65F320A9-E45D-4443-9AC4-078E46272A99}.Debug|Any CPU.Build.0 = Debug|Any CPU
		{65F320A9-E45D-4443-9AC4-078E46272A99}.Release|Any CPU.ActiveCfg = Release|Any CPU
		{65F320A9-E45D-4443-9AC4-078E46272A99}.Release|Any CPU.Build.0 = Release|Any CPU
		{8E584CE1-053A-4E90-8466-629D69B5AB34}.Debug|Any CPU.ActiveCfg = Debug|Any CPU
		{8E584CE1-053A-4E90-8466-629D69B5AB34}.Debug|Any CPU.Build.0 = Debug|Any CPU
		{8E584CE1-053A-4E90-8466-629D69B5AB34}.Release|Any CPU.ActiveCfg = Release|Any CPU
		{8E584CE1-053A-4E90-8466-629D69B5AB34}.Release|Any CPU.Build.0 = Release|Any CPU
		{D0AE0302-DFB9-4219-8A5D-B80880DC827B}.Debug|Any CPU.ActiveCfg = Debug|Any CPU
		{D0AE0302-DFB9-4219-8A5D-B80880DC827B}.Debug|Any CPU.Build.0 = Debug|Any CPU
		{D0AE0302-DFB9-4219-8A5D-B80880DC827B}.Release|Any CPU.ActiveCfg = Release|Any CPU
		{D0AE0302-DFB9-4219-8A5D-B80880DC827B}.Release|Any CPU.Build.0 = Release|Any CPU
		{681150F0-59CD-4DC6-8796-0D2A304A20FD}.Debug|Any CPU.ActiveCfg = Debug|Any CPU
		{681150F0-59CD-4DC6-8796-0D2A304A20FD}.Debug|Any CPU.Build.0 = Debug|Any CPU
		{681150F0-59CD-4DC6-8796-0D2A304A20FD}.Release|Any CPU.ActiveCfg = Release|Any CPU
		{681150F0-59CD-4DC6-8796-0D2A304A20FD}.Release|Any CPU.Build.0 = Release|Any CPU
		{FFC6B8AD-4162-4647-99F8-6C803F3DF298}.Debug|Any CPU.ActiveCfg = Debug|Any CPU
		{FFC6B8AD-4162-4647-99F8-6C803F3DF298}.Debug|Any CPU.Build.0 = Debug|Any CPU
		{FFC6B8AD-4162-4647-99F8-6C803F3DF298}.Release|Any CPU.ActiveCfg = Release|Any CPU
		{FFC6B8AD-4162-4647-99F8-6C803F3DF298}.Release|Any CPU.Build.0 = Release|Any CPU
		{E2F53492-08E6-46DB-A431-0131BA399C05}.Debug|Any CPU.ActiveCfg = Debug|Any CPU
		{E2F53492-08E6-46DB-A431-0131BA399C05}.Debug|Any CPU.Build.0 = Debug|Any CPU
		{E2F53492-08E6-46DB-A431-0131BA399C05}.Release|Any CPU.ActiveCfg = Release|Any CPU
		{E2F53492-08E6-46DB-A431-0131BA399C05}.Release|Any CPU.Build.0 = Release|Any CPU
		{0E2B2A51-771A-4977-9B4D-1F120FD3604E}.Debug|Any CPU.ActiveCfg = Debug|Any CPU
		{0E2B2A51-771A-4977-9B4D-1F120FD3604E}.Debug|Any CPU.Build.0 = Debug|Any CPU
		{0E2B2A51-771A-4977-9B4D-1F120FD3604E}.Release|Any CPU.ActiveCfg = Release|Any CPU
		{0E2B2A51-771A-4977-9B4D-1F120FD3604E}.Release|Any CPU.Build.0 = Release|Any CPU
		{2D504FF2-EA5C-424D-99BD-99C1389F7E1C}.Debug|Any CPU.ActiveCfg = Debug|Any CPU
		{2D504FF2-EA5C-424D-99BD-99C1389F7E1C}.Debug|Any CPU.Build.0 = Debug|Any CPU
		{2D504FF2-EA5C-424D-99BD-99C1389F7E1C}.Release|Any CPU.ActiveCfg = Release|Any CPU
		{2D504FF2-EA5C-424D-99BD-99C1389F7E1C}.Release|Any CPU.Build.0 = Release|Any CPU
		{E68B18FF-AED4-425E-8B39-E27626A259BA}.Debug|Any CPU.ActiveCfg = Debug|Any CPU
		{E68B18FF-AED4-425E-8B39-E27626A259BA}.Debug|Any CPU.Build.0 = Debug|Any CPU
		{E68B18FF-AED4-425E-8B39-E27626A259BA}.Release|Any CPU.ActiveCfg = Release|Any CPU
		{E68B18FF-AED4-425E-8B39-E27626A259BA}.Release|Any CPU.Build.0 = Release|Any CPU
		{A7187810-E992-428B-BA29-AB53BCA3CFFE}.Debug|Any CPU.ActiveCfg = Debug|Any CPU
		{A7187810-E992-428B-BA29-AB53BCA3CFFE}.Debug|Any CPU.Build.0 = Debug|Any CPU
		{A7187810-E992-428B-BA29-AB53BCA3CFFE}.Release|Any CPU.ActiveCfg = Release|Any CPU
		{A7187810-E992-428B-BA29-AB53BCA3CFFE}.Release|Any CPU.Build.0 = Release|Any CPU
		{98712413-B6F9-42CB-BAA0-B7DBFFA9C54D}.Debug|Any CPU.ActiveCfg = Debug|Any CPU
		{98712413-B6F9-42CB-BAA0-B7DBFFA9C54D}.Debug|Any CPU.Build.0 = Debug|Any CPU
		{98712413-B6F9-42CB-BAA0-B7DBFFA9C54D}.Release|Any CPU.ActiveCfg = Release|Any CPU
		{98712413-B6F9-42CB-BAA0-B7DBFFA9C54D}.Release|Any CPU.Build.0 = Release|Any CPU
	EndGlobalSection
	GlobalSection(SolutionProperties) = preSolution
		HideSolutionNode = FALSE
	EndGlobalSection
	GlobalSection(NestedProjects) = preSolution
		{B73B6528-A0D4-4507-ABC3-403A247789BD} = {8041B6B3-10FB-4C78-A3E6-B0629EF1E3A7}
		{65F320A9-E45D-4443-9AC4-078E46272A99} = {8041B6B3-10FB-4C78-A3E6-B0629EF1E3A7}
		{8E584CE1-053A-4E90-8466-629D69B5AB34} = {8041B6B3-10FB-4C78-A3E6-B0629EF1E3A7}
		{D0AE0302-DFB9-4219-8A5D-B80880DC827B} = {8041B6B3-10FB-4C78-A3E6-B0629EF1E3A7}
		{681150F0-59CD-4DC6-8796-0D2A304A20FD} = {8041B6B3-10FB-4C78-A3E6-B0629EF1E3A7}
		{FFC6B8AD-4162-4647-99F8-6C803F3DF298} = {77C4E8DF-7A0F-494F-A94B-1CEB9C8B5FDA}
		{E68B18FF-AED4-425E-8B39-E27626A259BA} = {8041B6B3-10FB-4C78-A3E6-B0629EF1E3A7}
		{98712413-B6F9-42CB-BAA0-B7DBFFA9C54D} = {8041B6B3-10FB-4C78-A3E6-B0629EF1E3A7}
	EndGlobalSection
	GlobalSection(ExtensibilityGlobals) = postSolution
		SolutionGuid = {23D0D9A2-F467-4BAA-8E33-2DD55196B1C7}
	EndGlobalSection
EndGlobal
